// !$*UTF8*$!
{
	archiveVersion = 1;
	classes = {
	};
	objectVersion = 51;
	objects = {

/* Begin PBXBuildFile section */
		779C828D39585EAE8F2580E9 /* Pods_GGTests.framework in Frameworks */ = {isa = PBXBuildFile; fileRef = 044A574A8808EF9FE4BDF518 /* Pods_GGTests.framework */; };
		A1B9F599A9C24DAF8FA43D04 /* Pods_GG.framework in Frameworks */ = {isa = PBXBuildFile; fileRef = 757C9F643C829BB09AF87465 /* Pods_GG.framework */; };
		A8C0075075B7BB94489DF5F2 /* Pods_GG_GGUITests.framework in Frameworks */ = {isa = PBXBuildFile; fileRef = 3E87A806D333094A1D4B61C1 /* Pods_GG_GGUITests.framework */; };
		AC1DC99E262C947900809784 /* GoogleService-Info.plist in Resources */ = {isa = PBXBuildFile; fileRef = AC1DC99D262C947900809784 /* GoogleService-Info.plist */; };
		AC689BBF26276715005AD170 /* LoginVC.swift in Sources */ = {isa = PBXBuildFile; fileRef = AC689BBE26276715005AD170 /* LoginVC.swift */; };
		AC689BC426276723005AD170 /* LoginVM.swift in Sources */ = {isa = PBXBuildFile; fileRef = AC689BC326276723005AD170 /* LoginVM.swift */; };
		AC689BCC26276FC4005AD170 /* loginDescCVC.swift in Sources */ = {isa = PBXBuildFile; fileRef = AC689BCA26276FC4005AD170 /* loginDescCVC.swift */; };
		AC689BCD26276FC4005AD170 /* loginDescCVC.xib in Resources */ = {isa = PBXBuildFile; fileRef = AC689BCB26276FC4005AD170 /* loginDescCVC.xib */; };
		AC689BD22627C3FF005AD170 /* ProfileVC.swift in Sources */ = {isa = PBXBuildFile; fileRef = AC689BD12627C3FF005AD170 /* ProfileVC.swift */; };
		AC689BD726281818005AD170 /* SignInVC.swift in Sources */ = {isa = PBXBuildFile; fileRef = AC689BD626281818005AD170 /* SignInVC.swift */; };
		AC689BDC26281831005AD170 /* CreateAccountVC.swift in Sources */ = {isa = PBXBuildFile; fileRef = AC689BDB26281831005AD170 /* CreateAccountVC.swift */; };
		AC772C9D2620CAD00021EBF0 /* TournamentCVC.swift in Sources */ = {isa = PBXBuildFile; fileRef = AC772C9B2620CAD00021EBF0 /* TournamentCVC.swift */; };
		AC772C9E2620CAD00021EBF0 /* TournamentCVC.xib in Resources */ = {isa = PBXBuildFile; fileRef = AC772C9C2620CAD00021EBF0 /* TournamentCVC.xib */; };
		AC772CAE2620D84E0021EBF0 /* colours.swift in Sources */ = {isa = PBXBuildFile; fileRef = AC772CAD2620D84E0021EBF0 /* colours.swift */; };
		AC772CB42624FBCE0021EBF0 /* StickyHeaderReusableView.swift in Sources */ = {isa = PBXBuildFile; fileRef = AC772CB22624FBCE0021EBF0 /* StickyHeaderReusableView.swift */; };
		AC772CB52624FBCE0021EBF0 /* StickyHeaderReusableView.xib in Resources */ = {isa = PBXBuildFile; fileRef = AC772CB32624FBCE0021EBF0 /* StickyHeaderReusableView.xib */; };
		AC772CD52624FDF10021EBF0 /* TournamentDetailCVC.swift in Sources */ = {isa = PBXBuildFile; fileRef = AC772CD32624FDF10021EBF0 /* TournamentDetailCVC.swift */; };
		AC772CD62624FDF10021EBF0 /* TournamentDetailCVC.xib in Resources */ = {isa = PBXBuildFile; fileRef = AC772CD42624FDF10021EBF0 /* TournamentDetailCVC.xib */; };
		AC772CDB2624FF740021EBF0 /* TournamentDetailVM.swift in Sources */ = {isa = PBXBuildFile; fileRef = AC772CDA2624FF740021EBF0 /* TournamentDetailVM.swift */; };
		AC7E170C25FF842700A9BDBC /* FutureTournamentsCVC.swift in Sources */ = {isa = PBXBuildFile; fileRef = AC7E170A25FF842600A9BDBC /* FutureTournamentsCVC.swift */; };
		AC7E170D25FF842700A9BDBC /* FutureTournamentsCVC.xib in Resources */ = {isa = PBXBuildFile; fileRef = AC7E170B25FF842600A9BDBC /* FutureTournamentsCVC.xib */; };
		AC7E171625FF843B00A9BDBC /* UpcomingTournamentsCVC.swift in Sources */ = {isa = PBXBuildFile; fileRef = AC7E171425FF843B00A9BDBC /* UpcomingTournamentsCVC.swift */; };
		AC7E171725FF843B00A9BDBC /* UpcomingTournamentsCVC.xib in Resources */ = {isa = PBXBuildFile; fileRef = AC7E171525FF843B00A9BDBC /* UpcomingTournamentsCVC.xib */; };
		AC7E171E25FF8BA000A9BDBC /* HeaderReusableView.swift in Sources */ = {isa = PBXBuildFile; fileRef = AC7E171C25FF8BA000A9BDBC /* HeaderReusableView.swift */; };
		AC7E171F25FF8BA000A9BDBC /* HeaderReusableView.xib in Resources */ = {isa = PBXBuildFile; fileRef = AC7E171D25FF8BA000A9BDBC /* HeaderReusableView.xib */; };
		AC7E1733260123BF00A9BDBC /* HomeVM.swift in Sources */ = {isa = PBXBuildFile; fileRef = AC7E1732260123BF00A9BDBC /* HomeVM.swift */; };
		AC7E17382601ED5B00A9BDBC /* ChatVM.swift in Sources */ = {isa = PBXBuildFile; fileRef = AC7E17372601ED5B00A9BDBC /* ChatVM.swift */; };
		AC7E173D2601F0AF00A9BDBC /* ChatDetailVC.swift in Sources */ = {isa = PBXBuildFile; fileRef = AC7E173C2601F0AE00A9BDBC /* ChatDetailVC.swift */; };
		AC9022ED262B72E6006AD5F7 /* GGLoginVC.swift in Sources */ = {isa = PBXBuildFile; fileRef = AC9022EC262B72E6006AD5F7 /* GGLoginVC.swift */; };
		ACA5D6F52628E14C00BF0A51 /* TextFieldEntryCVC.swift in Sources */ = {isa = PBXBuildFile; fileRef = ACA5D6F32628E14C00BF0A51 /* TextFieldEntryCVC.swift */; };
		ACA5D6F62628E14C00BF0A51 /* TextFieldEntryCVC.xib in Resources */ = {isa = PBXBuildFile; fileRef = ACA5D6F42628E14C00BF0A51 /* TextFieldEntryCVC.xib */; };
		ACA5D7022628E6EE00BF0A51 /* ButtonCVC.swift in Sources */ = {isa = PBXBuildFile; fileRef = ACA5D7002628E6EE00BF0A51 /* ButtonCVC.swift */; };
		ACA5D7032628E6EE00BF0A51 /* ButtonCVC.xib in Resources */ = {isa = PBXBuildFile; fileRef = ACA5D7012628E6EE00BF0A51 /* ButtonCVC.xib */; };
		ACA5D70D262B31A800BF0A51 /* MultipleEntriesCVC.swift in Sources */ = {isa = PBXBuildFile; fileRef = ACA5D70B262B31A800BF0A51 /* MultipleEntriesCVC.swift */; };
		ACA5D70E262B31A800BF0A51 /* MultipleEntriesCVC.xib in Resources */ = {isa = PBXBuildFile; fileRef = ACA5D70C262B31A800BF0A51 /* MultipleEntriesCVC.xib */; };
		ACBBC7A825FD40C100F7CBE3 /* AppDelegate.swift in Sources */ = {isa = PBXBuildFile; fileRef = ACBBC7A725FD40C100F7CBE3 /* AppDelegate.swift */; };
		ACBBC7AA25FD40C100F7CBE3 /* SceneDelegate.swift in Sources */ = {isa = PBXBuildFile; fileRef = ACBBC7A925FD40C100F7CBE3 /* SceneDelegate.swift */; };
		ACBBC7AF25FD40C100F7CBE3 /* Main.storyboard in Resources */ = {isa = PBXBuildFile; fileRef = ACBBC7AD25FD40C100F7CBE3 /* Main.storyboard */; };
		ACBBC7B225FD40C100F7CBE3 /* GG.xcdatamodeld in Sources */ = {isa = PBXBuildFile; fileRef = ACBBC7B025FD40C100F7CBE3 /* GG.xcdatamodeld */; };
		ACBBC7B425FD40C600F7CBE3 /* Assets.xcassets in Resources */ = {isa = PBXBuildFile; fileRef = ACBBC7B325FD40C600F7CBE3 /* Assets.xcassets */; };
		ACBBC7B725FD40C600F7CBE3 /* LaunchScreen.storyboard in Resources */ = {isa = PBXBuildFile; fileRef = ACBBC7B525FD40C600F7CBE3 /* LaunchScreen.storyboard */; };
		ACBBC7C225FD40C600F7CBE3 /* GGTests.swift in Sources */ = {isa = PBXBuildFile; fileRef = ACBBC7C125FD40C600F7CBE3 /* GGTests.swift */; };
		ACBBC7CD25FD40C600F7CBE3 /* GGUITests.swift in Sources */ = {isa = PBXBuildFile; fileRef = ACBBC7CC25FD40C600F7CBE3 /* GGUITests.swift */; };
		ACBBC7EA25FD7E8100F7CBE3 /* ChatCollectionViewCell.swift in Sources */ = {isa = PBXBuildFile; fileRef = ACBBC7E825FD7E8100F7CBE3 /* ChatCollectionViewCell.swift */; };
		ACBBC7EB25FD7E8100F7CBE3 /* ChatCollectionViewCell.xib in Resources */ = {isa = PBXBuildFile; fileRef = ACBBC7E925FD7E8100F7CBE3 /* ChatCollectionViewCell.xib */; };
		ACBBC7F425FE279800F7CBE3 /* HomeViewController.swift in Sources */ = {isa = PBXBuildFile; fileRef = ACBBC7F325FE279800F7CBE3 /* HomeViewController.swift */; };
		ACBBC7FC25FE27A400F7CBE3 /* ChatsViewController.swift in Sources */ = {isa = PBXBuildFile; fileRef = ACBBC7FB25FE27A400F7CBE3 /* ChatsViewController.swift */; };
		ACBBC80225FE280300F7CBE3 /* Models.swift in Sources */ = {isa = PBXBuildFile; fileRef = ACBBC80125FE280300F7CBE3 /* Models.swift */; };
		ACD7E55F262C978100A7E386 /* Login.storyboard in Resources */ = {isa = PBXBuildFile; fileRef = ACD7E55E262C978100A7E386 /* Login.storyboard */; };
		ACD7E576262CA46D00A7E386 /* GGMainLoginVC.swift in Sources */ = {isa = PBXBuildFile; fileRef = ACD7E575262CA46D00A7E386 /* GGMainLoginVC.swift */; };
		ACD7E57B262CA48100A7E386 /* GGSignUpVC.swift in Sources */ = {isa = PBXBuildFile; fileRef = ACD7E57A262CA48100A7E386 /* GGSignUpVC.swift */; };
		ACD7E580262CA49000A7E386 /* GGSignInVC.swift in Sources */ = {isa = PBXBuildFile; fileRef = ACD7E57F262CA49000A7E386 /* GGSignInVC.swift */; };
		ACD7E5C6262CC47800A7E386 /* GGCreateProfileVC.swift in Sources */ = {isa = PBXBuildFile; fileRef = ACD7E5C5262CC47800A7E386 /* GGCreateProfileVC.swift */; };
		ACD7E5CC262CCE0E00A7E386 /* GGCreateProfileCVC.swift in Sources */ = {isa = PBXBuildFile; fileRef = ACD7E5CA262CCE0E00A7E386 /* GGCreateProfileCVC.swift */; };
		ACD7E5CD262CCE0E00A7E386 /* GGCreateProfileCVC.xib in Resources */ = {isa = PBXBuildFile; fileRef = ACD7E5CB262CCE0E00A7E386 /* GGCreateProfileCVC.xib */; };
		ACF2B46E2604E28500D44814 /* TournamentViewController.swift in Sources */ = {isa = PBXBuildFile; fileRef = ACF2B46D2604E28500D44814 /* TournamentViewController.swift */; };
/* End PBXBuildFile section */

/* Begin PBXContainerItemProxy section */
		ACBBC7BE25FD40C600F7CBE3 /* PBXContainerItemProxy */ = {
			isa = PBXContainerItemProxy;
			containerPortal = ACBBC79C25FD40C100F7CBE3 /* Project object */;
			proxyType = 1;
			remoteGlobalIDString = ACBBC7A325FD40C100F7CBE3;
			remoteInfo = GG;
		};
		ACBBC7C925FD40C600F7CBE3 /* PBXContainerItemProxy */ = {
			isa = PBXContainerItemProxy;
			containerPortal = ACBBC79C25FD40C100F7CBE3 /* Project object */;
			proxyType = 1;
			remoteGlobalIDString = ACBBC7A325FD40C100F7CBE3;
			remoteInfo = GG;
		};
/* End PBXContainerItemProxy section */

/* Begin PBXFileReference section */
		044A574A8808EF9FE4BDF518 /* Pods_GGTests.framework */ = {isa = PBXFileReference; explicitFileType = wrapper.framework; includeInIndex = 0; path = Pods_GGTests.framework; sourceTree = BUILT_PRODUCTS_DIR; };
		2D0740DB52A5589049A4C226 /* Pods-GG-GGUITests.debug.xcconfig */ = {isa = PBXFileReference; includeInIndex = 1; lastKnownFileType = text.xcconfig; name = "Pods-GG-GGUITests.debug.xcconfig"; path = "Target Support Files/Pods-GG-GGUITests/Pods-GG-GGUITests.debug.xcconfig"; sourceTree = "<group>"; };
		3DF4F6DDE2D8FB8D5E8B0C71 /* Pods-GGTests.release.xcconfig */ = {isa = PBXFileReference; includeInIndex = 1; lastKnownFileType = text.xcconfig; name = "Pods-GGTests.release.xcconfig"; path = "Target Support Files/Pods-GGTests/Pods-GGTests.release.xcconfig"; sourceTree = "<group>"; };
		3E87A806D333094A1D4B61C1 /* Pods_GG_GGUITests.framework */ = {isa = PBXFileReference; explicitFileType = wrapper.framework; includeInIndex = 0; path = Pods_GG_GGUITests.framework; sourceTree = BUILT_PRODUCTS_DIR; };
		4D8A017A154972269FECE239 /* Pods-GGTests.debug.xcconfig */ = {isa = PBXFileReference; includeInIndex = 1; lastKnownFileType = text.xcconfig; name = "Pods-GGTests.debug.xcconfig"; path = "Target Support Files/Pods-GGTests/Pods-GGTests.debug.xcconfig"; sourceTree = "<group>"; };
		6AA7E686B7B3CC2FF4E30D6D /* Pods-GG-GGUITests.release.xcconfig */ = {isa = PBXFileReference; includeInIndex = 1; lastKnownFileType = text.xcconfig; name = "Pods-GG-GGUITests.release.xcconfig"; path = "Target Support Files/Pods-GG-GGUITests/Pods-GG-GGUITests.release.xcconfig"; sourceTree = "<group>"; };
		757C9F643C829BB09AF87465 /* Pods_GG.framework */ = {isa = PBXFileReference; explicitFileType = wrapper.framework; includeInIndex = 0; path = Pods_GG.framework; sourceTree = BUILT_PRODUCTS_DIR; };
		AC1DC99D262C947900809784 /* GoogleService-Info.plist */ = {isa = PBXFileReference; fileEncoding = 4; lastKnownFileType = text.plist.xml; path = "GoogleService-Info.plist"; sourceTree = "<group>"; };
		AC689BBE26276715005AD170 /* LoginVC.swift */ = {isa = PBXFileReference; lastKnownFileType = sourcecode.swift; path = LoginVC.swift; sourceTree = "<group>"; };
		AC689BC326276723005AD170 /* LoginVM.swift */ = {isa = PBXFileReference; lastKnownFileType = sourcecode.swift; path = LoginVM.swift; sourceTree = "<group>"; };
		AC689BCA26276FC4005AD170 /* loginDescCVC.swift */ = {isa = PBXFileReference; lastKnownFileType = sourcecode.swift; path = loginDescCVC.swift; sourceTree = "<group>"; };
		AC689BCB26276FC4005AD170 /* loginDescCVC.xib */ = {isa = PBXFileReference; lastKnownFileType = file.xib; path = loginDescCVC.xib; sourceTree = "<group>"; };
		AC689BD12627C3FF005AD170 /* ProfileVC.swift */ = {isa = PBXFileReference; lastKnownFileType = sourcecode.swift; path = ProfileVC.swift; sourceTree = "<group>"; };
		AC689BD626281818005AD170 /* SignInVC.swift */ = {isa = PBXFileReference; lastKnownFileType = sourcecode.swift; path = SignInVC.swift; sourceTree = "<group>"; };
		AC689BDB26281831005AD170 /* CreateAccountVC.swift */ = {isa = PBXFileReference; lastKnownFileType = sourcecode.swift; path = CreateAccountVC.swift; sourceTree = "<group>"; };
		AC772C9B2620CAD00021EBF0 /* TournamentCVC.swift */ = {isa = PBXFileReference; lastKnownFileType = sourcecode.swift; path = TournamentCVC.swift; sourceTree = "<group>"; };
		AC772C9C2620CAD00021EBF0 /* TournamentCVC.xib */ = {isa = PBXFileReference; lastKnownFileType = file.xib; path = TournamentCVC.xib; sourceTree = "<group>"; };
		AC772CAD2620D84E0021EBF0 /* colours.swift */ = {isa = PBXFileReference; lastKnownFileType = sourcecode.swift; path = colours.swift; sourceTree = "<group>"; };
		AC772CB22624FBCE0021EBF0 /* StickyHeaderReusableView.swift */ = {isa = PBXFileReference; lastKnownFileType = sourcecode.swift; path = StickyHeaderReusableView.swift; sourceTree = "<group>"; };
		AC772CB32624FBCE0021EBF0 /* StickyHeaderReusableView.xib */ = {isa = PBXFileReference; lastKnownFileType = file.xib; path = StickyHeaderReusableView.xib; sourceTree = "<group>"; };
		AC772CD32624FDF10021EBF0 /* TournamentDetailCVC.swift */ = {isa = PBXFileReference; lastKnownFileType = sourcecode.swift; path = TournamentDetailCVC.swift; sourceTree = "<group>"; };
		AC772CD42624FDF10021EBF0 /* TournamentDetailCVC.xib */ = {isa = PBXFileReference; lastKnownFileType = file.xib; path = TournamentDetailCVC.xib; sourceTree = "<group>"; };
		AC772CDA2624FF740021EBF0 /* TournamentDetailVM.swift */ = {isa = PBXFileReference; lastKnownFileType = sourcecode.swift; path = TournamentDetailVM.swift; sourceTree = "<group>"; };
		AC7E170A25FF842600A9BDBC /* FutureTournamentsCVC.swift */ = {isa = PBXFileReference; lastKnownFileType = sourcecode.swift; path = FutureTournamentsCVC.swift; sourceTree = "<group>"; };
		AC7E170B25FF842600A9BDBC /* FutureTournamentsCVC.xib */ = {isa = PBXFileReference; lastKnownFileType = file.xib; path = FutureTournamentsCVC.xib; sourceTree = "<group>"; };
		AC7E171425FF843B00A9BDBC /* UpcomingTournamentsCVC.swift */ = {isa = PBXFileReference; lastKnownFileType = sourcecode.swift; path = UpcomingTournamentsCVC.swift; sourceTree = "<group>"; };
		AC7E171525FF843B00A9BDBC /* UpcomingTournamentsCVC.xib */ = {isa = PBXFileReference; lastKnownFileType = file.xib; path = UpcomingTournamentsCVC.xib; sourceTree = "<group>"; };
		AC7E171C25FF8BA000A9BDBC /* HeaderReusableView.swift */ = {isa = PBXFileReference; lastKnownFileType = sourcecode.swift; path = HeaderReusableView.swift; sourceTree = "<group>"; };
		AC7E171D25FF8BA000A9BDBC /* HeaderReusableView.xib */ = {isa = PBXFileReference; lastKnownFileType = file.xib; path = HeaderReusableView.xib; sourceTree = "<group>"; };
		AC7E1732260123BF00A9BDBC /* HomeVM.swift */ = {isa = PBXFileReference; lastKnownFileType = sourcecode.swift; path = HomeVM.swift; sourceTree = "<group>"; };
		AC7E17372601ED5B00A9BDBC /* ChatVM.swift */ = {isa = PBXFileReference; lastKnownFileType = sourcecode.swift; path = ChatVM.swift; sourceTree = "<group>"; };
		AC7E173C2601F0AE00A9BDBC /* ChatDetailVC.swift */ = {isa = PBXFileReference; lastKnownFileType = sourcecode.swift; path = ChatDetailVC.swift; sourceTree = "<group>"; };
		AC9022EC262B72E6006AD5F7 /* GGLoginVC.swift */ = {isa = PBXFileReference; lastKnownFileType = sourcecode.swift; path = GGLoginVC.swift; sourceTree = "<group>"; };
		ACA5D6F32628E14C00BF0A51 /* TextFieldEntryCVC.swift */ = {isa = PBXFileReference; lastKnownFileType = sourcecode.swift; path = TextFieldEntryCVC.swift; sourceTree = "<group>"; };
		ACA5D6F42628E14C00BF0A51 /* TextFieldEntryCVC.xib */ = {isa = PBXFileReference; lastKnownFileType = file.xib; path = TextFieldEntryCVC.xib; sourceTree = "<group>"; };
		ACA5D7002628E6EE00BF0A51 /* ButtonCVC.swift */ = {isa = PBXFileReference; lastKnownFileType = sourcecode.swift; path = ButtonCVC.swift; sourceTree = "<group>"; };
		ACA5D7012628E6EE00BF0A51 /* ButtonCVC.xib */ = {isa = PBXFileReference; lastKnownFileType = file.xib; path = ButtonCVC.xib; sourceTree = "<group>"; };
		ACA5D70B262B31A800BF0A51 /* MultipleEntriesCVC.swift */ = {isa = PBXFileReference; lastKnownFileType = sourcecode.swift; path = MultipleEntriesCVC.swift; sourceTree = "<group>"; };
		ACA5D70C262B31A800BF0A51 /* MultipleEntriesCVC.xib */ = {isa = PBXFileReference; lastKnownFileType = file.xib; path = MultipleEntriesCVC.xib; sourceTree = "<group>"; };
		ACBBC7A425FD40C100F7CBE3 /* GG.app */ = {isa = PBXFileReference; explicitFileType = wrapper.application; includeInIndex = 0; path = GG.app; sourceTree = BUILT_PRODUCTS_DIR; };
		ACBBC7A725FD40C100F7CBE3 /* AppDelegate.swift */ = {isa = PBXFileReference; lastKnownFileType = sourcecode.swift; path = AppDelegate.swift; sourceTree = "<group>"; };
		ACBBC7A925FD40C100F7CBE3 /* SceneDelegate.swift */ = {isa = PBXFileReference; lastKnownFileType = sourcecode.swift; path = SceneDelegate.swift; sourceTree = "<group>"; };
		ACBBC7AE25FD40C100F7CBE3 /* Base */ = {isa = PBXFileReference; lastKnownFileType = file.storyboard; name = Base; path = Base.lproj/Main.storyboard; sourceTree = "<group>"; };
		ACBBC7B125FD40C100F7CBE3 /* GG.xcdatamodel */ = {isa = PBXFileReference; lastKnownFileType = wrapper.xcdatamodel; path = GG.xcdatamodel; sourceTree = "<group>"; };
		ACBBC7B325FD40C600F7CBE3 /* Assets.xcassets */ = {isa = PBXFileReference; lastKnownFileType = folder.assetcatalog; path = Assets.xcassets; sourceTree = "<group>"; };
		ACBBC7B625FD40C600F7CBE3 /* Base */ = {isa = PBXFileReference; lastKnownFileType = file.storyboard; name = Base; path = Base.lproj/LaunchScreen.storyboard; sourceTree = "<group>"; };
		ACBBC7B825FD40C600F7CBE3 /* Info.plist */ = {isa = PBXFileReference; lastKnownFileType = text.plist.xml; path = Info.plist; sourceTree = "<group>"; };
		ACBBC7BD25FD40C600F7CBE3 /* GGTests.xctest */ = {isa = PBXFileReference; explicitFileType = wrapper.cfbundle; includeInIndex = 0; path = GGTests.xctest; sourceTree = BUILT_PRODUCTS_DIR; };
		ACBBC7C125FD40C600F7CBE3 /* GGTests.swift */ = {isa = PBXFileReference; lastKnownFileType = sourcecode.swift; path = GGTests.swift; sourceTree = "<group>"; };
		ACBBC7C325FD40C600F7CBE3 /* Info.plist */ = {isa = PBXFileReference; lastKnownFileType = text.plist.xml; path = Info.plist; sourceTree = "<group>"; };
		ACBBC7C825FD40C600F7CBE3 /* GGUITests.xctest */ = {isa = PBXFileReference; explicitFileType = wrapper.cfbundle; includeInIndex = 0; path = GGUITests.xctest; sourceTree = BUILT_PRODUCTS_DIR; };
		ACBBC7CC25FD40C600F7CBE3 /* GGUITests.swift */ = {isa = PBXFileReference; lastKnownFileType = sourcecode.swift; path = GGUITests.swift; sourceTree = "<group>"; };
		ACBBC7CE25FD40C600F7CBE3 /* Info.plist */ = {isa = PBXFileReference; lastKnownFileType = text.plist.xml; path = Info.plist; sourceTree = "<group>"; };
		ACBBC7E825FD7E8100F7CBE3 /* ChatCollectionViewCell.swift */ = {isa = PBXFileReference; lastKnownFileType = sourcecode.swift; path = ChatCollectionViewCell.swift; sourceTree = "<group>"; };
		ACBBC7E925FD7E8100F7CBE3 /* ChatCollectionViewCell.xib */ = {isa = PBXFileReference; lastKnownFileType = file.xib; path = ChatCollectionViewCell.xib; sourceTree = "<group>"; };
		ACBBC7F325FE279800F7CBE3 /* HomeViewController.swift */ = {isa = PBXFileReference; lastKnownFileType = sourcecode.swift; path = HomeViewController.swift; sourceTree = "<group>"; };
		ACBBC7FB25FE27A400F7CBE3 /* ChatsViewController.swift */ = {isa = PBXFileReference; lastKnownFileType = sourcecode.swift; path = ChatsViewController.swift; sourceTree = "<group>"; };
		ACBBC80125FE280300F7CBE3 /* Models.swift */ = {isa = PBXFileReference; lastKnownFileType = sourcecode.swift; path = Models.swift; sourceTree = "<group>"; };
		ACD7E55E262C978100A7E386 /* Login.storyboard */ = {isa = PBXFileReference; lastKnownFileType = file.storyboard; path = Login.storyboard; sourceTree = "<group>"; };
		ACD7E575262CA46D00A7E386 /* GGMainLoginVC.swift */ = {isa = PBXFileReference; lastKnownFileType = sourcecode.swift; path = GGMainLoginVC.swift; sourceTree = "<group>"; };
		ACD7E57A262CA48100A7E386 /* GGSignUpVC.swift */ = {isa = PBXFileReference; lastKnownFileType = sourcecode.swift; path = GGSignUpVC.swift; sourceTree = "<group>"; };
		ACD7E57F262CA49000A7E386 /* GGSignInVC.swift */ = {isa = PBXFileReference; lastKnownFileType = sourcecode.swift; path = GGSignInVC.swift; sourceTree = "<group>"; };
		ACD7E5C5262CC47800A7E386 /* GGCreateProfileVC.swift */ = {isa = PBXFileReference; lastKnownFileType = sourcecode.swift; path = GGCreateProfileVC.swift; sourceTree = "<group>"; };
		ACD7E5CA262CCE0E00A7E386 /* GGCreateProfileCVC.swift */ = {isa = PBXFileReference; lastKnownFileType = sourcecode.swift; path = GGCreateProfileCVC.swift; sourceTree = "<group>"; };
		ACD7E5CB262CCE0E00A7E386 /* GGCreateProfileCVC.xib */ = {isa = PBXFileReference; lastKnownFileType = file.xib; path = GGCreateProfileCVC.xib; sourceTree = "<group>"; };
		ACF2B46D2604E28500D44814 /* TournamentViewController.swift */ = {isa = PBXFileReference; lastKnownFileType = sourcecode.swift; path = TournamentViewController.swift; sourceTree = "<group>"; };
		D044F9C050C6AE265C7A365E /* Pods-GG.release.xcconfig */ = {isa = PBXFileReference; includeInIndex = 1; lastKnownFileType = text.xcconfig; name = "Pods-GG.release.xcconfig"; path = "Target Support Files/Pods-GG/Pods-GG.release.xcconfig"; sourceTree = "<group>"; };
		F6F6AB06850E395A19AA3977 /* Pods-GG.debug.xcconfig */ = {isa = PBXFileReference; includeInIndex = 1; lastKnownFileType = text.xcconfig; name = "Pods-GG.debug.xcconfig"; path = "Target Support Files/Pods-GG/Pods-GG.debug.xcconfig"; sourceTree = "<group>"; };
/* End PBXFileReference section */

/* Begin PBXFrameworksBuildPhase section */
		ACBBC7A125FD40C100F7CBE3 /* Frameworks */ = {
			isa = PBXFrameworksBuildPhase;
			buildActionMask = 2147483647;
			files = (
				A1B9F599A9C24DAF8FA43D04 /* Pods_GG.framework in Frameworks */,
			);
			runOnlyForDeploymentPostprocessing = 0;
		};
		ACBBC7BA25FD40C600F7CBE3 /* Frameworks */ = {
			isa = PBXFrameworksBuildPhase;
			buildActionMask = 2147483647;
			files = (
				779C828D39585EAE8F2580E9 /* Pods_GGTests.framework in Frameworks */,
			);
			runOnlyForDeploymentPostprocessing = 0;
		};
		ACBBC7C525FD40C600F7CBE3 /* Frameworks */ = {
			isa = PBXFrameworksBuildPhase;
			buildActionMask = 2147483647;
			files = (
				A8C0075075B7BB94489DF5F2 /* Pods_GG_GGUITests.framework in Frameworks */,
			);
			runOnlyForDeploymentPostprocessing = 0;
		};
/* End PBXFrameworksBuildPhase section */

/* Begin PBXGroup section */
		5F322B0B323C15B0D3CC8F0F /* Frameworks */ = {
			isa = PBXGroup;
			children = (
				757C9F643C829BB09AF87465 /* Pods_GG.framework */,
				3E87A806D333094A1D4B61C1 /* Pods_GG_GGUITests.framework */,
				044A574A8808EF9FE4BDF518 /* Pods_GGTests.framework */,
			);
			name = Frameworks;
			sourceTree = "<group>";
		};
		A7965A5EB7FD310B02C0F1E7 /* Pods */ = {
			isa = PBXGroup;
			children = (
				F6F6AB06850E395A19AA3977 /* Pods-GG.debug.xcconfig */,
				D044F9C050C6AE265C7A365E /* Pods-GG.release.xcconfig */,
				2D0740DB52A5589049A4C226 /* Pods-GG-GGUITests.debug.xcconfig */,
				6AA7E686B7B3CC2FF4E30D6D /* Pods-GG-GGUITests.release.xcconfig */,
				4D8A017A154972269FECE239 /* Pods-GGTests.debug.xcconfig */,
				3DF4F6DDE2D8FB8D5E8B0C71 /* Pods-GGTests.release.xcconfig */,
			);
			path = Pods;
			sourceTree = "<group>";
		};
		AC689BC826276F82005AD170 /* Login */ = {
			isa = PBXGroup;
			children = (
				ACA5D70A262B318700BF0A51 /* CreateAccount */,
				ACA5D6F22628E12000BF0A51 /* SignIn */,
				AC689BC926276F88005AD170 /* Description */,
			);
			path = Login;
			sourceTree = "<group>";
		};
		AC689BC926276F88005AD170 /* Description */ = {
			isa = PBXGroup;
			children = (
				AC689BCA26276FC4005AD170 /* loginDescCVC.swift */,
				AC689BCB26276FC4005AD170 /* loginDescCVC.xib */,
			);
			path = Description;
			sourceTree = "<group>";
		};
		AC772CAC2620D8360021EBF0 /* Values */ = {
			isa = PBXGroup;
			children = (
				AC772CAD2620D84E0021EBF0 /* colours.swift */,
			);
			path = Values;
			sourceTree = "<group>";
		};
		AC772CB92624FC120021EBF0 /* TournamentVC */ = {
			isa = PBXGroup;
			children = (
				AC772CD32624FDF10021EBF0 /* TournamentDetailCVC.swift */,
				AC772CD42624FDF10021EBF0 /* TournamentDetailCVC.xib */,
			);
			path = TournamentVC;
			sourceTree = "<group>";
		};
		AC7E16FE25FF2D0400A9BDBC /* ChatVC */ = {
			isa = PBXGroup;
			children = (
				ACBBC7E825FD7E8100F7CBE3 /* ChatCollectionViewCell.swift */,
				ACBBC7E925FD7E8100F7CBE3 /* ChatCollectionViewCell.xib */,
			);
			path = ChatVC;
			sourceTree = "<group>";
		};
		AC7E16FF25FF2D1900A9BDBC /* HomeVC */ = {
			isa = PBXGroup;
			children = (
				AC7E170825FF83F400A9BDBC /* UpcomingTournaments */,
				AC7E170925FF840E00A9BDBC /* FutureTournaments */,
				AC772C9B2620CAD00021EBF0 /* TournamentCVC.swift */,
				AC772C9C2620CAD00021EBF0 /* TournamentCVC.xib */,
			);
			path = HomeVC;
			sourceTree = "<group>";
		};
		AC7E170825FF83F400A9BDBC /* UpcomingTournaments */ = {
			isa = PBXGroup;
			children = (
				AC7E171425FF843B00A9BDBC /* UpcomingTournamentsCVC.swift */,
				AC7E171525FF843B00A9BDBC /* UpcomingTournamentsCVC.xib */,
			);
			path = UpcomingTournaments;
			sourceTree = "<group>";
		};
		AC7E170925FF840E00A9BDBC /* FutureTournaments */ = {
			isa = PBXGroup;
			children = (
				AC7E170A25FF842600A9BDBC /* FutureTournamentsCVC.swift */,
				AC7E170B25FF842600A9BDBC /* FutureTournamentsCVC.xib */,
			);
			path = FutureTournaments;
			sourceTree = "<group>";
		};
		AC7E17292601198B00A9BDBC /* ViewModels */ = {
			isa = PBXGroup;
			children = (
				AC7E1732260123BF00A9BDBC /* HomeVM.swift */,
				AC7E17372601ED5B00A9BDBC /* ChatVM.swift */,
				AC772CDA2624FF740021EBF0 /* TournamentDetailVM.swift */,
				AC689BC326276723005AD170 /* LoginVM.swift */,
			);
			path = ViewModels;
			sourceTree = "<group>";
		};
		AC7E17442601F2C200A9BDBC /* Headers */ = {
			isa = PBXGroup;
			children = (
				AC7E171C25FF8BA000A9BDBC /* HeaderReusableView.swift */,
				AC7E171D25FF8BA000A9BDBC /* HeaderReusableView.xib */,
				AC772CB22624FBCE0021EBF0 /* StickyHeaderReusableView.swift */,
				AC772CB32624FBCE0021EBF0 /* StickyHeaderReusableView.xib */,
			);
			path = Headers;
			sourceTree = "<group>";
		};
		AC9022F1262B7312006AD5F7 /* Login */ = {
			isa = PBXGroup;
			children = (
				AC9022EC262B72E6006AD5F7 /* GGLoginVC.swift */,
			);
			path = Login;
			sourceTree = "<group>";
		};
		ACA5D6F22628E12000BF0A51 /* SignIn */ = {
			isa = PBXGroup;
			children = (
				ACA5D6F32628E14C00BF0A51 /* TextFieldEntryCVC.swift */,
				ACA5D6F42628E14C00BF0A51 /* TextFieldEntryCVC.xib */,
				ACA5D7002628E6EE00BF0A51 /* ButtonCVC.swift */,
				ACA5D7012628E6EE00BF0A51 /* ButtonCVC.xib */,
			);
			path = SignIn;
			sourceTree = "<group>";
		};
		ACA5D70A262B318700BF0A51 /* CreateAccount */ = {
			isa = PBXGroup;
			children = (
				ACA5D70B262B31A800BF0A51 /* MultipleEntriesCVC.swift */,
				ACA5D70C262B31A800BF0A51 /* MultipleEntriesCVC.xib */,
			);
			path = CreateAccount;
			sourceTree = "<group>";
		};
		ACBBC79B25FD40C100F7CBE3 = {
			isa = PBXGroup;
			children = (
				ACBBC7A625FD40C100F7CBE3 /* GG */,
				ACBBC7C025FD40C600F7CBE3 /* GGTests */,
				ACBBC7CB25FD40C600F7CBE3 /* GGUITests */,
				ACBBC7A525FD40C100F7CBE3 /* Products */,
				A7965A5EB7FD310B02C0F1E7 /* Pods */,
				5F322B0B323C15B0D3CC8F0F /* Frameworks */,
			);
			sourceTree = "<group>";
		};
		ACBBC7A525FD40C100F7CBE3 /* Products */ = {
			isa = PBXGroup;
			children = (
				ACBBC7A425FD40C100F7CBE3 /* GG.app */,
				ACBBC7BD25FD40C600F7CBE3 /* GGTests.xctest */,
				ACBBC7C825FD40C600F7CBE3 /* GGUITests.xctest */,
			);
			name = Products;
			sourceTree = "<group>";
		};
		ACBBC7A625FD40C100F7CBE3 /* GG */ = {
			isa = PBXGroup;
			children = (
				ACD7E55C262C975A00A7E386 /* V2 */,
				AC772CAC2620D8360021EBF0 /* Values */,
				ACBBC80925FE285C00F7CBE3 /* Delegates */,
				ACBBC80025FE27F500F7CBE3 /* Models */,
				ACBBC7F225FE277500F7CBE3 /* ViewControllers */,
				AC7E17292601198B00A9BDBC /* ViewModels */,
				ACBBC7DD25FD523A00F7CBE3 /* Cells */,
				ACBBC7AD25FD40C100F7CBE3 /* Main.storyboard */,
				ACBBC7B325FD40C600F7CBE3 /* Assets.xcassets */,
				ACBBC7B525FD40C600F7CBE3 /* LaunchScreen.storyboard */,
				ACBBC7B825FD40C600F7CBE3 /* Info.plist */,
				AC1DC99D262C947900809784 /* GoogleService-Info.plist */,
				ACBBC7B025FD40C100F7CBE3 /* GG.xcdatamodeld */,
			);
			path = GG;
			sourceTree = "<group>";
		};
		ACBBC7C025FD40C600F7CBE3 /* GGTests */ = {
			isa = PBXGroup;
			children = (
				ACBBC7C125FD40C600F7CBE3 /* GGTests.swift */,
				ACBBC7C325FD40C600F7CBE3 /* Info.plist */,
			);
			path = GGTests;
			sourceTree = "<group>";
		};
		ACBBC7CB25FD40C600F7CBE3 /* GGUITests */ = {
			isa = PBXGroup;
			children = (
				ACBBC7CC25FD40C600F7CBE3 /* GGUITests.swift */,
				ACBBC7CE25FD40C600F7CBE3 /* Info.plist */,
			);
			path = GGUITests;
			sourceTree = "<group>";
		};
		ACBBC7DD25FD523A00F7CBE3 /* Cells */ = {
			isa = PBXGroup;
			children = (
				AC689BC826276F82005AD170 /* Login */,
				AC772CB92624FC120021EBF0 /* TournamentVC */,
				AC7E17442601F2C200A9BDBC /* Headers */,
				AC7E16FF25FF2D1900A9BDBC /* HomeVC */,
				AC7E16FE25FF2D0400A9BDBC /* ChatVC */,
			);
			path = Cells;
			sourceTree = "<group>";
		};
		ACBBC7F225FE277500F7CBE3 /* ViewControllers */ = {
			isa = PBXGroup;
			children = (
				AC9022F1262B7312006AD5F7 /* Login */,
				ACBBC7F325FE279800F7CBE3 /* HomeViewController.swift */,
				ACBBC7FB25FE27A400F7CBE3 /* ChatsViewController.swift */,
				AC7E173C2601F0AE00A9BDBC /* ChatDetailVC.swift */,
				ACF2B46D2604E28500D44814 /* TournamentViewController.swift */,
				AC689BBE26276715005AD170 /* LoginVC.swift */,
				AC689BD12627C3FF005AD170 /* ProfileVC.swift */,
				AC689BD626281818005AD170 /* SignInVC.swift */,
				AC689BDB26281831005AD170 /* CreateAccountVC.swift */,
			);
			path = ViewControllers;
			sourceTree = "<group>";
		};
		ACBBC80025FE27F500F7CBE3 /* Models */ = {
			isa = PBXGroup;
			children = (
				ACBBC80125FE280300F7CBE3 /* Models.swift */,
			);
			path = Models;
			sourceTree = "<group>";
		};
		ACBBC80925FE285C00F7CBE3 /* Delegates */ = {
			isa = PBXGroup;
			children = (
				ACBBC7A725FD40C100F7CBE3 /* AppDelegate.swift */,
				ACBBC7A925FD40C100F7CBE3 /* SceneDelegate.swift */,
			);
			path = Delegates;
			sourceTree = "<group>";
		};
		ACD7E55C262C975A00A7E386 /* V2 */ = {
			isa = PBXGroup;
			children = (
				ACD7E55D262C976400A7E386 /* Login */,
			);
			path = V2;
			sourceTree = "<group>";
		};
		ACD7E55D262C976400A7E386 /* Login */ = {
			isa = PBXGroup;
			children = (
				ACD7E55E262C978100A7E386 /* Login.storyboard */,
				ACD7E575262CA46D00A7E386 /* GGMainLoginVC.swift */,
				ACD7E57A262CA48100A7E386 /* GGSignUpVC.swift */,
				ACD7E57F262CA49000A7E386 /* GGSignInVC.swift */,
				ACD7E5C5262CC47800A7E386 /* GGCreateProfileVC.swift */,
				ACD7E5CA262CCE0E00A7E386 /* GGCreateProfileCVC.swift */,
				ACD7E5CB262CCE0E00A7E386 /* GGCreateProfileCVC.xib */,
			);
			path = Login;
			sourceTree = "<group>";
		};
/* End PBXGroup section */

/* Begin PBXNativeTarget section */
		ACBBC7A325FD40C100F7CBE3 /* GG */ = {
			isa = PBXNativeTarget;
			buildConfigurationList = ACBBC7D125FD40C600F7CBE3 /* Build configuration list for PBXNativeTarget "GG" */;
			buildPhases = (
				2FBAC691A4D5E51F1E52C432 /* [CP] Check Pods Manifest.lock */,
				ACBBC7A025FD40C100F7CBE3 /* Sources */,
				ACBBC7A125FD40C100F7CBE3 /* Frameworks */,
				ACBBC7A225FD40C100F7CBE3 /* Resources */,
				2F4D78F368E393EEA2396976 /* [CP] Embed Pods Frameworks */,
			);
			buildRules = (
			);
			dependencies = (
			);
			name = GG;
			productName = GG;
			productReference = ACBBC7A425FD40C100F7CBE3 /* GG.app */;
			productType = "com.apple.product-type.application";
		};
		ACBBC7BC25FD40C600F7CBE3 /* GGTests */ = {
			isa = PBXNativeTarget;
			buildConfigurationList = ACBBC7D425FD40C600F7CBE3 /* Build configuration list for PBXNativeTarget "GGTests" */;
			buildPhases = (
				4EA315F59C10EA03A384F9D8 /* [CP] Check Pods Manifest.lock */,
				ACBBC7B925FD40C600F7CBE3 /* Sources */,
				ACBBC7BA25FD40C600F7CBE3 /* Frameworks */,
				ACBBC7BB25FD40C600F7CBE3 /* Resources */,
			);
			buildRules = (
			);
			dependencies = (
				ACBBC7BF25FD40C600F7CBE3 /* PBXTargetDependency */,
			);
			name = GGTests;
			productName = GGTests;
			productReference = ACBBC7BD25FD40C600F7CBE3 /* GGTests.xctest */;
			productType = "com.apple.product-type.bundle.unit-test";
		};
		ACBBC7C725FD40C600F7CBE3 /* GGUITests */ = {
			isa = PBXNativeTarget;
			buildConfigurationList = ACBBC7D725FD40C600F7CBE3 /* Build configuration list for PBXNativeTarget "GGUITests" */;
			buildPhases = (
				5C987F45C060B11835C42945 /* [CP] Check Pods Manifest.lock */,
				ACBBC7C425FD40C600F7CBE3 /* Sources */,
				ACBBC7C525FD40C600F7CBE3 /* Frameworks */,
				ACBBC7C625FD40C600F7CBE3 /* Resources */,
				8D5F8693D3A3CFF16650CB8C /* [CP] Embed Pods Frameworks */,
			);
			buildRules = (
			);
			dependencies = (
				ACBBC7CA25FD40C600F7CBE3 /* PBXTargetDependency */,
			);
			name = GGUITests;
			productName = GGUITests;
			productReference = ACBBC7C825FD40C600F7CBE3 /* GGUITests.xctest */;
			productType = "com.apple.product-type.bundle.ui-testing";
		};
/* End PBXNativeTarget section */

/* Begin PBXProject section */
		ACBBC79C25FD40C100F7CBE3 /* Project object */ = {
			isa = PBXProject;
			attributes = {
				LastSwiftUpdateCheck = 1220;
				LastUpgradeCheck = 1220;
				TargetAttributes = {
					ACBBC7A325FD40C100F7CBE3 = {
						CreatedOnToolsVersion = 12.2;
					};
					ACBBC7BC25FD40C600F7CBE3 = {
						CreatedOnToolsVersion = 12.2;
						TestTargetID = ACBBC7A325FD40C100F7CBE3;
					};
					ACBBC7C725FD40C600F7CBE3 = {
						CreatedOnToolsVersion = 12.2;
						TestTargetID = ACBBC7A325FD40C100F7CBE3;
					};
				};
			};
			buildConfigurationList = ACBBC79F25FD40C100F7CBE3 /* Build configuration list for PBXProject "GG" */;
			compatibilityVersion = "Xcode 9.3";
			developmentRegion = en;
			hasScannedForEncodings = 0;
			knownRegions = (
				en,
				Base,
			);
			mainGroup = ACBBC79B25FD40C100F7CBE3;
			productRefGroup = ACBBC7A525FD40C100F7CBE3 /* Products */;
			projectDirPath = "";
			projectRoot = "";
			targets = (
				ACBBC7A325FD40C100F7CBE3 /* GG */,
				ACBBC7BC25FD40C600F7CBE3 /* GGTests */,
				ACBBC7C725FD40C600F7CBE3 /* GGUITests */,
			);
		};
/* End PBXProject section */

/* Begin PBXResourcesBuildPhase section */
		ACBBC7A225FD40C100F7CBE3 /* Resources */ = {
			isa = PBXResourcesBuildPhase;
			buildActionMask = 2147483647;
			files = (
				ACD7E55F262C978100A7E386 /* Login.storyboard in Resources */,
				ACBBC7EB25FD7E8100F7CBE3 /* ChatCollectionViewCell.xib in Resources */,
				ACA5D70E262B31A800BF0A51 /* MultipleEntriesCVC.xib in Resources */,
				AC1DC99E262C947900809784 /* GoogleService-Info.plist in Resources */,
				ACD7E5CD262CCE0E00A7E386 /* GGCreateProfileCVC.xib in Resources */,
				ACA5D7032628E6EE00BF0A51 /* ButtonCVC.xib in Resources */,
				ACA5D6F62628E14C00BF0A51 /* TextFieldEntryCVC.xib in Resources */,
				AC7E171725FF843B00A9BDBC /* UpcomingTournamentsCVC.xib in Resources */,
				AC772CD62624FDF10021EBF0 /* TournamentDetailCVC.xib in Resources */,
				ACBBC7B725FD40C600F7CBE3 /* LaunchScreen.storyboard in Resources */,
				AC772CB52624FBCE0021EBF0 /* StickyHeaderReusableView.xib in Resources */,
				AC772C9E2620CAD00021EBF0 /* TournamentCVC.xib in Resources */,
				ACBBC7B425FD40C600F7CBE3 /* Assets.xcassets in Resources */,
				AC689BCD26276FC4005AD170 /* loginDescCVC.xib in Resources */,
				AC7E170D25FF842700A9BDBC /* FutureTournamentsCVC.xib in Resources */,
				AC7E171F25FF8BA000A9BDBC /* HeaderReusableView.xib in Resources */,
				ACBBC7AF25FD40C100F7CBE3 /* Main.storyboard in Resources */,
			);
			runOnlyForDeploymentPostprocessing = 0;
		};
		ACBBC7BB25FD40C600F7CBE3 /* Resources */ = {
			isa = PBXResourcesBuildPhase;
			buildActionMask = 2147483647;
			files = (
			);
			runOnlyForDeploymentPostprocessing = 0;
		};
		ACBBC7C625FD40C600F7CBE3 /* Resources */ = {
			isa = PBXResourcesBuildPhase;
			buildActionMask = 2147483647;
			files = (
			);
			runOnlyForDeploymentPostprocessing = 0;
		};
/* End PBXResourcesBuildPhase section */

/* Begin PBXShellScriptBuildPhase section */
		2F4D78F368E393EEA2396976 /* [CP] Embed Pods Frameworks */ = {
			isa = PBXShellScriptBuildPhase;
			buildActionMask = 2147483647;
			files = (
			);
			inputFileListPaths = (
				"${PODS_ROOT}/Target Support Files/Pods-GG/Pods-GG-frameworks-${CONFIGURATION}-input-files.xcfilelist",
			);
			name = "[CP] Embed Pods Frameworks";
			outputFileListPaths = (
				"${PODS_ROOT}/Target Support Files/Pods-GG/Pods-GG-frameworks-${CONFIGURATION}-output-files.xcfilelist",
			);
			runOnlyForDeploymentPostprocessing = 0;
			shellPath = /bin/sh;
			shellScript = "\"${PODS_ROOT}/Target Support Files/Pods-GG/Pods-GG-frameworks.sh\"\n";
			showEnvVarsInLog = 0;
		};
		2FBAC691A4D5E51F1E52C432 /* [CP] Check Pods Manifest.lock */ = {
			isa = PBXShellScriptBuildPhase;
			buildActionMask = 2147483647;
			files = (
			);
			inputFileListPaths = (
			);
			inputPaths = (
				"${PODS_PODFILE_DIR_PATH}/Podfile.lock",
				"${PODS_ROOT}/Manifest.lock",
			);
			name = "[CP] Check Pods Manifest.lock";
			outputFileListPaths = (
			);
			outputPaths = (
				"$(DERIVED_FILE_DIR)/Pods-GG-checkManifestLockResult.txt",
			);
			runOnlyForDeploymentPostprocessing = 0;
			shellPath = /bin/sh;
			shellScript = "diff \"${PODS_PODFILE_DIR_PATH}/Podfile.lock\" \"${PODS_ROOT}/Manifest.lock\" > /dev/null\nif [ $? != 0 ] ; then\n    # print error to STDERR\n    echo \"error: The sandbox is not in sync with the Podfile.lock. Run 'pod install' or update your CocoaPods installation.\" >&2\n    exit 1\nfi\n# This output is used by Xcode 'outputs' to avoid re-running this script phase.\necho \"SUCCESS\" > \"${SCRIPT_OUTPUT_FILE_0}\"\n";
			showEnvVarsInLog = 0;
		};
		4EA315F59C10EA03A384F9D8 /* [CP] Check Pods Manifest.lock */ = {
			isa = PBXShellScriptBuildPhase;
			buildActionMask = 2147483647;
			files = (
			);
			inputFileListPaths = (
			);
			inputPaths = (
				"${PODS_PODFILE_DIR_PATH}/Podfile.lock",
				"${PODS_ROOT}/Manifest.lock",
			);
			name = "[CP] Check Pods Manifest.lock";
			outputFileListPaths = (
			);
			outputPaths = (
				"$(DERIVED_FILE_DIR)/Pods-GGTests-checkManifestLockResult.txt",
			);
			runOnlyForDeploymentPostprocessing = 0;
			shellPath = /bin/sh;
			shellScript = "diff \"${PODS_PODFILE_DIR_PATH}/Podfile.lock\" \"${PODS_ROOT}/Manifest.lock\" > /dev/null\nif [ $? != 0 ] ; then\n    # print error to STDERR\n    echo \"error: The sandbox is not in sync with the Podfile.lock. Run 'pod install' or update your CocoaPods installation.\" >&2\n    exit 1\nfi\n# This output is used by Xcode 'outputs' to avoid re-running this script phase.\necho \"SUCCESS\" > \"${SCRIPT_OUTPUT_FILE_0}\"\n";
			showEnvVarsInLog = 0;
		};
		5C987F45C060B11835C42945 /* [CP] Check Pods Manifest.lock */ = {
			isa = PBXShellScriptBuildPhase;
			buildActionMask = 2147483647;
			files = (
			);
			inputFileListPaths = (
			);
			inputPaths = (
				"${PODS_PODFILE_DIR_PATH}/Podfile.lock",
				"${PODS_ROOT}/Manifest.lock",
			);
			name = "[CP] Check Pods Manifest.lock";
			outputFileListPaths = (
			);
			outputPaths = (
				"$(DERIVED_FILE_DIR)/Pods-GG-GGUITests-checkManifestLockResult.txt",
			);
			runOnlyForDeploymentPostprocessing = 0;
			shellPath = /bin/sh;
			shellScript = "diff \"${PODS_PODFILE_DIR_PATH}/Podfile.lock\" \"${PODS_ROOT}/Manifest.lock\" > /dev/null\nif [ $? != 0 ] ; then\n    # print error to STDERR\n    echo \"error: The sandbox is not in sync with the Podfile.lock. Run 'pod install' or update your CocoaPods installation.\" >&2\n    exit 1\nfi\n# This output is used by Xcode 'outputs' to avoid re-running this script phase.\necho \"SUCCESS\" > \"${SCRIPT_OUTPUT_FILE_0}\"\n";
			showEnvVarsInLog = 0;
		};
		8D5F8693D3A3CFF16650CB8C /* [CP] Embed Pods Frameworks */ = {
			isa = PBXShellScriptBuildPhase;
			buildActionMask = 2147483647;
			files = (
			);
			inputFileListPaths = (
				"${PODS_ROOT}/Target Support Files/Pods-GG-GGUITests/Pods-GG-GGUITests-frameworks-${CONFIGURATION}-input-files.xcfilelist",
			);
			name = "[CP] Embed Pods Frameworks";
			outputFileListPaths = (
				"${PODS_ROOT}/Target Support Files/Pods-GG-GGUITests/Pods-GG-GGUITests-frameworks-${CONFIGURATION}-output-files.xcfilelist",
			);
			runOnlyForDeploymentPostprocessing = 0;
			shellPath = /bin/sh;
			shellScript = "\"${PODS_ROOT}/Target Support Files/Pods-GG-GGUITests/Pods-GG-GGUITests-frameworks.sh\"\n";
			showEnvVarsInLog = 0;
		};
/* End PBXShellScriptBuildPhase section */

/* Begin PBXSourcesBuildPhase section */
		ACBBC7A025FD40C100F7CBE3 /* Sources */ = {
			isa = PBXSourcesBuildPhase;
			buildActionMask = 2147483647;
			files = (
				AC772CDB2624FF740021EBF0 /* TournamentDetailVM.swift in Sources */,
				ACD7E576262CA46D00A7E386 /* GGMainLoginVC.swift in Sources */,
				ACA5D70D262B31A800BF0A51 /* MultipleEntriesCVC.swift in Sources */,
				AC689BD22627C3FF005AD170 /* ProfileVC.swift in Sources */,
				AC689BD726281818005AD170 /* SignInVC.swift in Sources */,
				ACBBC7B225FD40C100F7CBE3 /* GG.xcdatamodeld in Sources */,
				ACF2B46E2604E28500D44814 /* TournamentViewController.swift in Sources */,
				AC7E1733260123BF00A9BDBC /* HomeVM.swift in Sources */,
				AC7E171625FF843B00A9BDBC /* UpcomingTournamentsCVC.swift in Sources */,
				ACBBC7A825FD40C100F7CBE3 /* AppDelegate.swift in Sources */,
				ACD7E5CC262CCE0E00A7E386 /* GGCreateProfileCVC.swift in Sources */,
				AC7E173D2601F0AF00A9BDBC /* ChatDetailVC.swift in Sources */,
				AC7E171E25FF8BA000A9BDBC /* HeaderReusableView.swift in Sources */,
				ACBBC80225FE280300F7CBE3 /* Models.swift in Sources */,
				AC7E17382601ED5B00A9BDBC /* ChatVM.swift in Sources */,
				ACA5D7022628E6EE00BF0A51 /* ButtonCVC.swift in Sources */,
				ACBBC7FC25FE27A400F7CBE3 /* ChatsViewController.swift in Sources */,
				ACBBC7EA25FD7E8100F7CBE3 /* ChatCollectionViewCell.swift in Sources */,
				AC7E170C25FF842700A9BDBC /* FutureTournamentsCVC.swift in Sources */,
				ACBBC7AA25FD40C100F7CBE3 /* SceneDelegate.swift in Sources */,
				AC689BC426276723005AD170 /* LoginVM.swift in Sources */,
				AC689BBF26276715005AD170 /* LoginVC.swift in Sources */,
				AC689BDC26281831005AD170 /* CreateAccountVC.swift in Sources */,
				ACA5D6F52628E14C00BF0A51 /* TextFieldEntryCVC.swift in Sources */,
				ACD7E5C6262CC47800A7E386 /* GGCreateProfileVC.swift in Sources */,
				AC772C9D2620CAD00021EBF0 /* TournamentCVC.swift in Sources */,
				AC689BCC26276FC4005AD170 /* loginDescCVC.swift in Sources */,
				AC9022ED262B72E6006AD5F7 /* GGLoginVC.swift in Sources */,
				ACD7E580262CA49000A7E386 /* GGSignInVC.swift in Sources */,
				AC772CD52624FDF10021EBF0 /* TournamentDetailCVC.swift in Sources */,
				AC772CB42624FBCE0021EBF0 /* StickyHeaderReusableView.swift in Sources */,
				ACBBC7F425FE279800F7CBE3 /* HomeViewController.swift in Sources */,
				AC772CAE2620D84E0021EBF0 /* colours.swift in Sources */,
				ACD7E57B262CA48100A7E386 /* GGSignUpVC.swift in Sources */,
			);
			runOnlyForDeploymentPostprocessing = 0;
		};
		ACBBC7B925FD40C600F7CBE3 /* Sources */ = {
			isa = PBXSourcesBuildPhase;
			buildActionMask = 2147483647;
			files = (
				ACBBC7C225FD40C600F7CBE3 /* GGTests.swift in Sources */,
			);
			runOnlyForDeploymentPostprocessing = 0;
		};
		ACBBC7C425FD40C600F7CBE3 /* Sources */ = {
			isa = PBXSourcesBuildPhase;
			buildActionMask = 2147483647;
			files = (
				ACBBC7CD25FD40C600F7CBE3 /* GGUITests.swift in Sources */,
			);
			runOnlyForDeploymentPostprocessing = 0;
		};
/* End PBXSourcesBuildPhase section */

/* Begin PBXTargetDependency section */
		ACBBC7BF25FD40C600F7CBE3 /* PBXTargetDependency */ = {
			isa = PBXTargetDependency;
			target = ACBBC7A325FD40C100F7CBE3 /* GG */;
			targetProxy = ACBBC7BE25FD40C600F7CBE3 /* PBXContainerItemProxy */;
		};
		ACBBC7CA25FD40C600F7CBE3 /* PBXTargetDependency */ = {
			isa = PBXTargetDependency;
			target = ACBBC7A325FD40C100F7CBE3 /* GG */;
			targetProxy = ACBBC7C925FD40C600F7CBE3 /* PBXContainerItemProxy */;
		};
/* End PBXTargetDependency section */

/* Begin PBXVariantGroup section */
		ACBBC7AD25FD40C100F7CBE3 /* Main.storyboard */ = {
			isa = PBXVariantGroup;
			children = (
				ACBBC7AE25FD40C100F7CBE3 /* Base */,
			);
			name = Main.storyboard;
			sourceTree = "<group>";
		};
		ACBBC7B525FD40C600F7CBE3 /* LaunchScreen.storyboard */ = {
			isa = PBXVariantGroup;
			children = (
				ACBBC7B625FD40C600F7CBE3 /* Base */,
			);
			name = LaunchScreen.storyboard;
			sourceTree = "<group>";
		};
/* End PBXVariantGroup section */

/* Begin XCBuildConfiguration section */
		ACBBC7CF25FD40C600F7CBE3 /* Debug */ = {
			isa = XCBuildConfiguration;
			buildSettings = {
				ALWAYS_SEARCH_USER_PATHS = NO;
				CLANG_ANALYZER_NONNULL = YES;
				CLANG_ANALYZER_NUMBER_OBJECT_CONVERSION = YES_AGGRESSIVE;
				CLANG_CXX_LANGUAGE_STANDARD = "gnu++14";
				CLANG_CXX_LIBRARY = "libc++";
				CLANG_ENABLE_MODULES = YES;
				CLANG_ENABLE_OBJC_ARC = YES;
				CLANG_ENABLE_OBJC_WEAK = YES;
				CLANG_WARN_BLOCK_CAPTURE_AUTORELEASING = YES;
				CLANG_WARN_BOOL_CONVERSION = YES;
				CLANG_WARN_COMMA = YES;
				CLANG_WARN_CONSTANT_CONVERSION = YES;
				CLANG_WARN_DEPRECATED_OBJC_IMPLEMENTATIONS = YES;
				CLANG_WARN_DIRECT_OBJC_ISA_USAGE = YES_ERROR;
				CLANG_WARN_DOCUMENTATION_COMMENTS = YES;
				CLANG_WARN_EMPTY_BODY = YES;
				CLANG_WARN_ENUM_CONVERSION = YES;
				CLANG_WARN_INFINITE_RECURSION = YES;
				CLANG_WARN_INT_CONVERSION = YES;
				CLANG_WARN_NON_LITERAL_NULL_CONVERSION = YES;
				CLANG_WARN_OBJC_IMPLICIT_RETAIN_SELF = YES;
				CLANG_WARN_OBJC_LITERAL_CONVERSION = YES;
				CLANG_WARN_OBJC_ROOT_CLASS = YES_ERROR;
				CLANG_WARN_QUOTED_INCLUDE_IN_FRAMEWORK_HEADER = YES;
				CLANG_WARN_RANGE_LOOP_ANALYSIS = YES;
				CLANG_WARN_STRICT_PROTOTYPES = YES;
				CLANG_WARN_SUSPICIOUS_MOVE = YES;
				CLANG_WARN_UNGUARDED_AVAILABILITY = YES_AGGRESSIVE;
				CLANG_WARN_UNREACHABLE_CODE = YES;
				CLANG_WARN__DUPLICATE_METHOD_MATCH = YES;
				COPY_PHASE_STRIP = NO;
				DEBUG_INFORMATION_FORMAT = dwarf;
				ENABLE_STRICT_OBJC_MSGSEND = YES;
				ENABLE_TESTABILITY = YES;
				GCC_C_LANGUAGE_STANDARD = gnu11;
				GCC_DYNAMIC_NO_PIC = NO;
				GCC_NO_COMMON_BLOCKS = YES;
				GCC_OPTIMIZATION_LEVEL = 0;
				GCC_PREPROCESSOR_DEFINITIONS = (
					"DEBUG=1",
					"$(inherited)",
				);
				GCC_WARN_64_TO_32_BIT_CONVERSION = YES;
				GCC_WARN_ABOUT_RETURN_TYPE = YES_ERROR;
				GCC_WARN_UNDECLARED_SELECTOR = YES;
				GCC_WARN_UNINITIALIZED_AUTOS = YES_AGGRESSIVE;
				GCC_WARN_UNUSED_FUNCTION = YES;
				GCC_WARN_UNUSED_VARIABLE = YES;
				IPHONEOS_DEPLOYMENT_TARGET = 14.2;
				MTL_ENABLE_DEBUG_INFO = INCLUDE_SOURCE;
				MTL_FAST_MATH = YES;
				ONLY_ACTIVE_ARCH = YES;
				SDKROOT = iphoneos;
				SWIFT_ACTIVE_COMPILATION_CONDITIONS = DEBUG;
				SWIFT_OPTIMIZATION_LEVEL = "-Onone";
			};
			name = Debug;
		};
		ACBBC7D025FD40C600F7CBE3 /* Release */ = {
			isa = XCBuildConfiguration;
			buildSettings = {
				ALWAYS_SEARCH_USER_PATHS = NO;
				CLANG_ANALYZER_NONNULL = YES;
				CLANG_ANALYZER_NUMBER_OBJECT_CONVERSION = YES_AGGRESSIVE;
				CLANG_CXX_LANGUAGE_STANDARD = "gnu++14";
				CLANG_CXX_LIBRARY = "libc++";
				CLANG_ENABLE_MODULES = YES;
				CLANG_ENABLE_OBJC_ARC = YES;
				CLANG_ENABLE_OBJC_WEAK = YES;
				CLANG_WARN_BLOCK_CAPTURE_AUTORELEASING = YES;
				CLANG_WARN_BOOL_CONVERSION = YES;
				CLANG_WARN_COMMA = YES;
				CLANG_WARN_CONSTANT_CONVERSION = YES;
				CLANG_WARN_DEPRECATED_OBJC_IMPLEMENTATIONS = YES;
				CLANG_WARN_DIRECT_OBJC_ISA_USAGE = YES_ERROR;
				CLANG_WARN_DOCUMENTATION_COMMENTS = YES;
				CLANG_WARN_EMPTY_BODY = YES;
				CLANG_WARN_ENUM_CONVERSION = YES;
				CLANG_WARN_INFINITE_RECURSION = YES;
				CLANG_WARN_INT_CONVERSION = YES;
				CLANG_WARN_NON_LITERAL_NULL_CONVERSION = YES;
				CLANG_WARN_OBJC_IMPLICIT_RETAIN_SELF = YES;
				CLANG_WARN_OBJC_LITERAL_CONVERSION = YES;
				CLANG_WARN_OBJC_ROOT_CLASS = YES_ERROR;
				CLANG_WARN_QUOTED_INCLUDE_IN_FRAMEWORK_HEADER = YES;
				CLANG_WARN_RANGE_LOOP_ANALYSIS = YES;
				CLANG_WARN_STRICT_PROTOTYPES = YES;
				CLANG_WARN_SUSPICIOUS_MOVE = YES;
				CLANG_WARN_UNGUARDED_AVAILABILITY = YES_AGGRESSIVE;
				CLANG_WARN_UNREACHABLE_CODE = YES;
				CLANG_WARN__DUPLICATE_METHOD_MATCH = YES;
				COPY_PHASE_STRIP = NO;
				DEBUG_INFORMATION_FORMAT = "dwarf-with-dsym";
				ENABLE_NS_ASSERTIONS = NO;
				ENABLE_STRICT_OBJC_MSGSEND = YES;
				GCC_C_LANGUAGE_STANDARD = gnu11;
				GCC_NO_COMMON_BLOCKS = YES;
				GCC_WARN_64_TO_32_BIT_CONVERSION = YES;
				GCC_WARN_ABOUT_RETURN_TYPE = YES_ERROR;
				GCC_WARN_UNDECLARED_SELECTOR = YES;
				GCC_WARN_UNINITIALIZED_AUTOS = YES_AGGRESSIVE;
				GCC_WARN_UNUSED_FUNCTION = YES;
				GCC_WARN_UNUSED_VARIABLE = YES;
				IPHONEOS_DEPLOYMENT_TARGET = 14.2;
				MTL_ENABLE_DEBUG_INFO = NO;
				MTL_FAST_MATH = YES;
				SDKROOT = iphoneos;
				SWIFT_COMPILATION_MODE = wholemodule;
				SWIFT_OPTIMIZATION_LEVEL = "-O";
				VALIDATE_PRODUCT = YES;
			};
			name = Release;
		};
		ACBBC7D225FD40C600F7CBE3 /* Debug */ = {
			isa = XCBuildConfiguration;
			baseConfigurationReference = F6F6AB06850E395A19AA3977 /* Pods-GG.debug.xcconfig */;
			buildSettings = {
				ASSETCATALOG_COMPILER_APPICON_NAME = AppIcon;
				ASSETCATALOG_COMPILER_GLOBAL_ACCENT_COLOR_NAME = AccentColor;
				CODE_SIGN_STYLE = Automatic;
				DEVELOPMENT_TEAM = 2C676ZXQLR;
				INFOPLIST_FILE = GG/Info.plist;
				LD_RUNPATH_SEARCH_PATHS = (
					"$(inherited)",
					"@executable_path/Frameworks",
				);
				PRODUCT_BUNDLE_IDENTIFIER = ylawer.GG;
				PRODUCT_NAME = "$(TARGET_NAME)";
				SWIFT_VERSION = 5.0;
				TARGETED_DEVICE_FAMILY = "1,2";
			};
			name = Debug;
		};
		ACBBC7D325FD40C600F7CBE3 /* Release */ = {
			isa = XCBuildConfiguration;
			baseConfigurationReference = D044F9C050C6AE265C7A365E /* Pods-GG.release.xcconfig */;
			buildSettings = {
				ASSETCATALOG_COMPILER_APPICON_NAME = AppIcon;
				ASSETCATALOG_COMPILER_GLOBAL_ACCENT_COLOR_NAME = AccentColor;
				CODE_SIGN_STYLE = Automatic;
				DEVELOPMENT_TEAM = 2C676ZXQLR;
				INFOPLIST_FILE = GG/Info.plist;
				LD_RUNPATH_SEARCH_PATHS = (
					"$(inherited)",
					"@executable_path/Frameworks",
				);
				PRODUCT_BUNDLE_IDENTIFIER = ylawer.GG;
				PRODUCT_NAME = "$(TARGET_NAME)";
				SWIFT_VERSION = 5.0;
				TARGETED_DEVICE_FAMILY = "1,2";
			};
			name = Release;
		};
		ACBBC7D525FD40C600F7CBE3 /* Debug */ = {
			isa = XCBuildConfiguration;
			baseConfigurationReference = 4D8A017A154972269FECE239 /* Pods-GGTests.debug.xcconfig */;
			buildSettings = {
				ALWAYS_EMBED_SWIFT_STANDARD_LIBRARIES = YES;
				BUNDLE_LOADER = "$(TEST_HOST)";
				CODE_SIGN_STYLE = Automatic;
				DEVELOPMENT_TEAM = 2C676ZXQLR;
				INFOPLIST_FILE = GGTests/Info.plist;
				IPHONEOS_DEPLOYMENT_TARGET = 14.2;
				LD_RUNPATH_SEARCH_PATHS = (
					"$(inherited)",
					"@executable_path/Frameworks",
					"@loader_path/Frameworks",
				);
				PRODUCT_BUNDLE_IDENTIFIER = ylawer.GGTests;
				PRODUCT_NAME = "$(TARGET_NAME)";
				SWIFT_VERSION = 5.0;
				TARGETED_DEVICE_FAMILY = "1,2";
				TEST_HOST = "$(BUILT_PRODUCTS_DIR)/GG.app/GG";
			};
			name = Debug;
		};
		ACBBC7D625FD40C600F7CBE3 /* Release */ = {
			isa = XCBuildConfiguration;
			baseConfigurationReference = 3DF4F6DDE2D8FB8D5E8B0C71 /* Pods-GGTests.release.xcconfig */;
			buildSettings = {
				ALWAYS_EMBED_SWIFT_STANDARD_LIBRARIES = YES;
				BUNDLE_LOADER = "$(TEST_HOST)";
				CODE_SIGN_STYLE = Automatic;
				DEVELOPMENT_TEAM = 2C676ZXQLR;
				INFOPLIST_FILE = GGTests/Info.plist;
				IPHONEOS_DEPLOYMENT_TARGET = 14.2;
				LD_RUNPATH_SEARCH_PATHS = (
					"$(inherited)",
					"@executable_path/Frameworks",
					"@loader_path/Frameworks",
				);
				PRODUCT_BUNDLE_IDENTIFIER = ylawer.GGTests;
				PRODUCT_NAME = "$(TARGET_NAME)";
				SWIFT_VERSION = 5.0;
				TARGETED_DEVICE_FAMILY = "1,2";
				TEST_HOST = "$(BUILT_PRODUCTS_DIR)/GG.app/GG";
			};
			name = Release;
		};
		ACBBC7D825FD40C600F7CBE3 /* Debug */ = {
			isa = XCBuildConfiguration;
			baseConfigurationReference = 2D0740DB52A5589049A4C226 /* Pods-GG-GGUITests.debug.xcconfig */;
			buildSettings = {
				ALWAYS_EMBED_SWIFT_STANDARD_LIBRARIES = YES;
				CODE_SIGN_STYLE = Automatic;
				DEVELOPMENT_TEAM = 2C676ZXQLR;
				INFOPLIST_FILE = GGUITests/Info.plist;
				LD_RUNPATH_SEARCH_PATHS = (
					"$(inherited)",
					"@executable_path/Frameworks",
					"@loader_path/Frameworks",
				);
				PRODUCT_BUNDLE_IDENTIFIER = ylawer.GGUITests;
				PRODUCT_NAME = "$(TARGET_NAME)";
				SWIFT_VERSION = 5.0;
				TARGETED_DEVICE_FAMILY = "1,2";
				TEST_TARGET_NAME = GG;
			};
			name = Debug;
		};
		ACBBC7D925FD40C600F7CBE3 /* Release */ = {
			isa = XCBuildConfiguration;
			baseConfigurationReference = 6AA7E686B7B3CC2FF4E30D6D /* Pods-GG-GGUITests.release.xcconfig */;
			buildSettings = {
				ALWAYS_EMBED_SWIFT_STANDARD_LIBRARIES = YES;
				CODE_SIGN_STYLE = Automatic;
				DEVELOPMENT_TEAM = 2C676ZXQLR;
				INFOPLIST_FILE = GGUITests/Info.plist;
				LD_RUNPATH_SEARCH_PATHS = (
					"$(inherited)",
					"@executable_path/Frameworks",
					"@loader_path/Frameworks",
				);
				PRODUCT_BUNDLE_IDENTIFIER = ylawer.GGUITests;
				PRODUCT_NAME = "$(TARGET_NAME)";
				SWIFT_VERSION = 5.0;
				TARGETED_DEVICE_FAMILY = "1,2";
				TEST_TARGET_NAME = GG;
			};
			name = Release;
		};
/* End XCBuildConfiguration section */

/* Begin XCConfigurationList section */
		ACBBC79F25FD40C100F7CBE3 /* Build configuration list for PBXProject "GG" */ = {
			isa = XCConfigurationList;
			buildConfigurations = (
				ACBBC7CF25FD40C600F7CBE3 /* Debug */,
				ACBBC7D025FD40C600F7CBE3 /* Release */,
			);
			defaultConfigurationIsVisible = 0;
			defaultConfigurationName = Release;
		};
		ACBBC7D125FD40C600F7CBE3 /* Build configuration list for PBXNativeTarget "GG" */ = {
			isa = XCConfigurationList;
			buildConfigurations = (
				ACBBC7D225FD40C600F7CBE3 /* Debug */,
				ACBBC7D325FD40C600F7CBE3 /* Release */,
			);
			defaultConfigurationIsVisible = 0;
			defaultConfigurationName = Release;
		};
		ACBBC7D425FD40C600F7CBE3 /* Build configuration list for PBXNativeTarget "GGTests" */ = {
			isa = XCConfigurationList;
			buildConfigurations = (
				ACBBC7D525FD40C600F7CBE3 /* Debug */,
				ACBBC7D625FD40C600F7CBE3 /* Release */,
			);
			defaultConfigurationIsVisible = 0;
			defaultConfigurationName = Release;
		};
		ACBBC7D725FD40C600F7CBE3 /* Build configuration list for PBXNativeTarget "GGUITests" */ = {
			isa = XCConfigurationList;
			buildConfigurations = (
				ACBBC7D825FD40C600F7CBE3 /* Debug */,
				ACBBC7D925FD40C600F7CBE3 /* Release */,
			);
			defaultConfigurationIsVisible = 0;
			defaultConfigurationName = Release;
		};
/* End XCConfigurationList section */

/* Begin XCVersionGroup section */
		ACBBC7B025FD40C100F7CBE3 /* GG.xcdatamodeld */ = {
			isa = XCVersionGroup;
			children = (
				ACBBC7B125FD40C100F7CBE3 /* GG.xcdatamodel */,
			);
			currentVersion = ACBBC7B125FD40C100F7CBE3 /* GG.xcdatamodel */;
			path = GG.xcdatamodeld;
			sourceTree = "<group>";
			versionGroupType = wrapper.xcdatamodel;
		};
/* End XCVersionGroup section */
	};
	rootObject = ACBBC79C25FD40C100F7CBE3 /* Project object */;
}
